
Microsoft Visual Studio Solution File, Format Version 12.00
# Visual Studio Version 16
VisualStudioVersion = 16.0.31019.35
MinimumVisualStudioVersion = 10.0.40219.1
Project("{FAE04EC0-301F-11D3-BF4B-00C04F79EFBC}") = "NMF", "NMF.csproj", "{0D39DE7D-EEE4-4B3C-AE39-4294DA761F26}"
EndProject
Global
	GlobalSection(SolutionConfigurationPlatforms) = preSolution
		Debug|Any CPU = Debug|Any CPU
		Release|Any CPU = Release|Any CPU
	EndGlobalSection
	GlobalSection(ProjectConfigurationPlatforms) = postSolution
		{0D39DE7D-EEE4-4B3C-AE39-4294DA761F26}.Debug|Any CPU.ActiveCfg = Debug|Any CPU
		{0D39DE7D-EEE4-4B3C-AE39-4294DA761F26}.Debug|Any CPU.Build.0 = Debug|Any CPU
		{0D39DE7D-EEE4-4B3C-AE39-4294DA761F26}.Release|Any CPU.ActiveCfg = Release|Any CPU
		{0D39DE7D-EEE4-4B3C-AE39-4294DA761F26}.Release|Any CPU.Build.0 = Release|Any CPU
	EndGlobalSection
	GlobalSection(SolutionProperties) = preSolution
		HideSolutionNode = FALSE
	EndGlobalSection
	GlobalSection(ExtensibilityGlobals) = postSolution
		SolutionGuid = {A88A3449-A428-459F-A1EA-77EF5C4273BD}
	EndGlobalSection
EndGlobal
